
Microsoft Visual Studio Solution File, Format Version 12.00
# Visual Studio Version 17
VisualStudioVersion = 17.11.35312.102
MinimumVisualStudioVersion = 10.0.40219.1
Project("{9A19103F-16F7-4668-BE54-9A1E7A4F7556}") = "MyWeb", "MyWeb\MyWeb.csproj", "{CB36C449-0114-47BC-BDA0-EEE64F3D5D15}"
EndProject
Global
	GlobalSection(SolutionConfigurationPlatforms) = preSolution
		Debug|Any CPU = Debug|Any CPU
		Release|Any CPU = Release|Any CPU
	EndGlobalSection
	GlobalSection(ProjectConfigurationPlatforms) = postSolution
		{CB36C449-0114-47BC-BDA0-EEE64F3D5D15}.Debug|Any CPU.ActiveCfg = Debug|Any CPU
		{CB36C449-0114-47BC-BDA0-EEE64F3D5D15}.Debug|Any CPU.Build.0 = Debug|Any CPU
		{CB36C449-0114-47BC-BDA0-EEE64F3D5D15}.Release|Any CPU.ActiveCfg = Release|Any CPU
		{CB36C449-0114-47BC-BDA0-EEE64F3D5D15}.Release|Any CPU.Build.0 = Release|Any CPU
	EndGlobalSection
	GlobalSection(SolutionProperties) = preSolution
		HideSolutionNode = FALSE
	EndGlobalSection
	GlobalSection(ExtensibilityGlobals) = postSolution
		SolutionGuid = {B7F790E9-8C63-44B3-826B-40F484ADC3B6}
	EndGlobalSection
EndGlobal
